// !$*UTF8*$!
{
	archiveVersion = 1;
	classes = {
	};
	objectVersion = 50;
	objects = {

/* Begin PBXBuildFile section */
		CE4FC39E21F4AD860040F029 /* ParityCeck.swift in Sources */ = {isa = PBXBuildFile; fileRef = CE4FC39D21F4AD860040F029 /* ParityCeck.swift */; };
		CEAE81B620C96D2E00188415 /* AppDelegate.swift in Sources */ = {isa = PBXBuildFile; fileRef = CEAE81B520C96D2E00188415 /* AppDelegate.swift */; };
		CEAE81B820C96D2E00188415 /* ViewController.swift in Sources */ = {isa = PBXBuildFile; fileRef = CEAE81B720C96D2E00188415 /* ViewController.swift */; };
		CEAE81BB20C96D2E00188415 /* Main.storyboard in Resources */ = {isa = PBXBuildFile; fileRef = CEAE81B920C96D2E00188415 /* Main.storyboard */; };
		CEAE81BE20C96D2E00188415 /* FifteenPuzzle.xcdatamodeld in Sources */ = {isa = PBXBuildFile; fileRef = CEAE81BC20C96D2E00188415 /* FifteenPuzzle.xcdatamodeld */; };
		CEAE81C020C96D3000188415 /* Assets.xcassets in Resources */ = {isa = PBXBuildFile; fileRef = CEAE81BF20C96D3000188415 /* Assets.xcassets */; };
		CEAE81C320C96D3000188415 /* LaunchScreen.storyboard in Resources */ = {isa = PBXBuildFile; fileRef = CEAE81C120C96D3000188415 /* LaunchScreen.storyboard */; };
/* End PBXBuildFile section */

/* Begin PBXFileReference section */
		CE4FC39D21F4AD860040F029 /* ParityCeck.swift */ = {isa = PBXFileReference; lastKnownFileType = sourcecode.swift; path = ParityCeck.swift; sourceTree = "<group>"; };
		CEAE81B220C96D2E00188415 /* FifteenPuzzle.app */ = {isa = PBXFileReference; explicitFileType = wrapper.application; includeInIndex = 0; path = FifteenPuzzle.app; sourceTree = BUILT_PRODUCTS_DIR; };
		CEAE81B520C96D2E00188415 /* AppDelegate.swift */ = {isa = PBXFileReference; lastKnownFileType = sourcecode.swift; path = AppDelegate.swift; sourceTree = "<group>"; };
		CEAE81B720C96D2E00188415 /* ViewController.swift */ = {isa = PBXFileReference; lastKnownFileType = sourcecode.swift; path = ViewController.swift; sourceTree = "<group>"; };
		CEAE81BA20C96D2E00188415 /* Base */ = {isa = PBXFileReference; lastKnownFileType = file.storyboard; name = Base; path = Base.lproj/Main.storyboard; sourceTree = "<group>"; };
		CEAE81BD20C96D2E00188415 /* FifteenPuzzle.xcdatamodel */ = {isa = PBXFileReference; lastKnownFileType = wrapper.xcdatamodel; path = FifteenPuzzle.xcdatamodel; sourceTree = "<group>"; };
		CEAE81BF20C96D3000188415 /* Assets.xcassets */ = {isa = PBXFileReference; lastKnownFileType = folder.assetcatalog; path = Assets.xcassets; sourceTree = "<group>"; };
		CEAE81C220C96D3000188415 /* Base */ = {isa = PBXFileReference; lastKnownFileType = file.storyboard; name = Base; path = Base.lproj/LaunchScreen.storyboard; sourceTree = "<group>"; };
		CEAE81C420C96D3000188415 /* Info.plist */ = {isa = PBXFileReference; lastKnownFileType = text.plist.xml; path = Info.plist; sourceTree = "<group>"; };
/* End PBXFileReference section */

/* Begin PBXFrameworksBuildPhase section */
		CEAE81AF20C96D2E00188415 /* Frameworks */ = {
			isa = PBXFrameworksBuildPhase;
			buildActionMask = 2147483647;
			files = (
			);
			runOnlyForDeploymentPostprocessing = 0;
		};
/* End PBXFrameworksBuildPhase section */

/* Begin PBXGroup section */
		CEAE81A920C96D2E00188415 = {
			isa = PBXGroup;
			children = (
				CEAE81B420C96D2E00188415 /* FifteenPuzzle */,
				CEAE81B320C96D2E00188415 /* Products */,
			);
			sourceTree = "<group>";
		};
		CEAE81B320C96D2E00188415 /* Products */ = {
			isa = PBXGroup;
			children = (
				CEAE81B220C96D2E00188415 /* FifteenPuzzle.app */,
			);
			name = Products;
			sourceTree = "<group>";
		};
		CEAE81B420C96D2E00188415 /* FifteenPuzzle */ = {
			isa = PBXGroup;
			children = (
				CEAE81B520C96D2E00188415 /* AppDelegate.swift */,
				CEAE81B720C96D2E00188415 /* ViewController.swift */,
				CE4FC39D21F4AD860040F029 /* ParityCeck.swift */,
				CEAE81B920C96D2E00188415 /* Main.storyboard */,
				CEAE81BF20C96D3000188415 /* Assets.xcassets */,
				CEAE81C120C96D3000188415 /* LaunchScreen.storyboard */,
				CEAE81C420C96D3000188415 /* Info.plist */,
				CEAE81BC20C96D2E00188415 /* FifteenPuzzle.xcdatamodeld */,
			);
			path = FifteenPuzzle;
			sourceTree = "<group>";
		};
/* End PBXGroup section */

/* Begin PBXNativeTarget section */
		CEAE81B120C96D2E00188415 /* FifteenPuzzle */ = {
			isa = PBXNativeTarget;
			buildConfigurationList = CEAE81C720C96D3000188415 /* Build configuration list for PBXNativeTarget "FifteenPuzzle" */;
			buildPhases = (
				CEAE81AE20C96D2E00188415 /* Sources */,
				CEAE81AF20C96D2E00188415 /* Frameworks */,
				CEAE81B020C96D2E00188415 /* Resources */,
			);
			buildRules = (
			);
			dependencies = (
			);
			name = FifteenPuzzle;
			productName = FifteenPuzzle;
			productReference = CEAE81B220C96D2E00188415 /* FifteenPuzzle.app */;
			productType = "com.apple.product-type.application";
		};
/* End PBXNativeTarget section */

/* Begin PBXProject section */
		CEAE81AA20C96D2E00188415 /* Project object */ = {
			isa = PBXProject;
			attributes = {
				LastSwiftUpdateCheck = 0940;
				LastUpgradeCheck = 0940;
				ORGANIZATIONNAME = "Vlad Veretennikov";
				TargetAttributes = {
					CEAE81B120C96D2E00188415 = {
						CreatedOnToolsVersion = 9.4;
						LastSwiftMigration = 1000;
					};
				};
			};
			buildConfigurationList = CEAE81AD20C96D2E00188415 /* Build configuration list for PBXProject "FifteenPuzzle" */;
			compatibilityVersion = "Xcode 9.3";
			developmentRegion = en;
			hasScannedForEncodings = 0;
			knownRegions = (
				en,
				Base,
			);
			mainGroup = CEAE81A920C96D2E00188415;
			productRefGroup = CEAE81B320C96D2E00188415 /* Products */;
			projectDirPath = "";
			projectRoot = "";
			targets = (
				CEAE81B120C96D2E00188415 /* FifteenPuzzle */,
			);
		};
/* End PBXProject section */

/* Begin PBXResourcesBuildPhase section */
		CEAE81B020C96D2E00188415 /* Resources */ = {
			isa = PBXResourcesBuildPhase;
			buildActionMask = 2147483647;
			files = (
				CEAE81C320C96D3000188415 /* LaunchScreen.storyboard in Resources */,
				CEAE81C020C96D3000188415 /* Assets.xcassets in Resources */,
				CEAE81BB20C96D2E00188415 /* Main.storyboard in Resources */,
			);
			runOnlyForDeploymentPostprocessing = 0;
		};
/* End PBXResourcesBuildPhase section */

/* Begin PBXSourcesBuildPhase section */
		CEAE81AE20C96D2E00188415 /* Sources */ = {
			isa = PBXSourcesBuildPhase;
			buildActionMask = 2147483647;
			files = (
				CEAE81B820C96D2E00188415 /* ViewController.swift in Sources */,
				CEAE81B620C96D2E00188415 /* AppDelegate.swift in Sources */,
				CE4FC39E21F4AD860040F029 /* ParityCeck.swift in Sources */,
				CEAE81BE20C96D2E00188415 /* FifteenPuzzle.xcdatamodeld in Sources */,
			);
			runOnlyForDeploymentPostprocessing = 0;
		};
/* End PBXSourcesBuildPhase section */

/* Begin PBXVariantGroup section */
		CEAE81B920C96D2E00188415 /* Main.storyboard */ = {
			isa = PBXVariantGroup;
			children = (
				CEAE81BA20C96D2E00188415 /* Base */,
			);
			name = Main.storyboard;
			sourceTree = "<group>";
		};
		CEAE81C120C96D3000188415 /* LaunchScreen.storyboard */ = {
			isa = PBXVariantGroup;
			children = (
				CEAE81C220C96D3000188415 /* Base */,
			);
			name = LaunchScreen.storyboard;
			sourceTree = "<group>";
		};
/* End PBXVariantGroup section */

/* Begin XCBuildConfiguration section */
		CEAE81C520C96D3000188415 /* Debug */ = {
			isa = XCBuildConfiguration;
			buildSettings = {
				ALWAYS_SEARCH_USER_PATHS = NO;
				CLANG_ANALYZER_NONNULL = YES;
				CLANG_ANALYZER_NUMBER_OBJECT_CONVERSION = YES_AGGRESSIVE;
				CLANG_CXX_LANGUAGE_STANDARD = "gnu++14";
				CLANG_CXX_LIBRARY = "libc++";
				CLANG_ENABLE_MODULES = YES;
				CLANG_ENABLE_OBJC_ARC = YES;
				CLANG_ENABLE_OBJC_WEAK = YES;
				CLANG_WARN_BLOCK_CAPTURE_AUTORELEASING = YES;
				CLANG_WARN_BOOL_CONVERSION = YES;
				CLANG_WARN_COMMA = YES;
				CLANG_WARN_CONSTANT_CONVERSION = YES;
				CLANG_WARN_DEPRECATED_OBJC_IMPLEMENTATIONS = YES;
				CLANG_WARN_DIRECT_OBJC_ISA_USAGE = YES_ERROR;
				CLANG_WARN_DOCUMENTATION_COMMENTS = YES;
				CLANG_WARN_EMPTY_BODY = YES;
				CLANG_WARN_ENUM_CONVERSION = YES;
				CLANG_WARN_INFINITE_RECURSION = YES;
				CLANG_WARN_INT_CONVERSION = YES;
				CLANG_WARN_NON_LITERAL_NULL_CONVERSION = YES;
				CLANG_WARN_OBJC_IMPLICIT_RETAIN_SELF = YES;
				CLANG_WARN_OBJC_LITERAL_CONVERSION = YES;
				CLANG_WARN_OBJC_ROOT_CLASS = YES_ERROR;
				CLANG_WARN_RANGE_LOOP_ANALYSIS = YES;
				CLANG_WARN_STRICT_PROTOTYPES = YES;
				CLANG_WARN_SUSPICIOUS_MOVE = YES;
				CLANG_WARN_UNGUARDED_AVAILABILITY = YES_AGGRESSIVE;
				CLANG_WARN_UNREACHABLE_CODE = YES;
				CLANG_WARN__DUPLICATE_METHOD_MATCH = YES;
				CODE_SIGN_IDENTITY = "iPhone Developer";
				COPY_PHASE_STRIP = NO;
				DEBUG_INFORMATION_FORMAT = dwarf;
				ENABLE_STRICT_OBJC_MSGSEND = YES;
				ENABLE_TESTABILITY = YES;
				GCC_C_LANGUAGE_STANDARD = gnu11;
				GCC_DYNAMIC_NO_PIC = NO;
				GCC_NO_COMMON_BLOCKS = YES;
				GCC_OPTIMIZATION_LEVEL = 0;
				GCC_PREPROCESSOR_DEFINITIONS = (
					"DEBUG=1",
					"$(inherited)",
				);
				GCC_WARN_64_TO_32_BIT_CONVERSION = YES;
				GCC_WARN_ABOUT_RETURN_TYPE = YES_ERROR;
				GCC_WARN_UNDECLARED_SELECTOR = YES;
				GCC_WARN_UNINITIALIZED_AUTOS = YES_AGGRESSIVE;
				GCC_WARN_UNUSED_FUNCTION = YES;
				GCC_WARN_UNUSED_VARIABLE = YES;
				IPHONEOS_DEPLOYMENT_TARGET = 11.4;
				MTL_ENABLE_DEBUG_INFO = YES;
				ONLY_ACTIVE_ARCH = YES;
				SDKROOT = iphoneos;
				SWIFT_ACTIVE_COMPILATION_CONDITIONS = DEBUG;
				SWIFT_OPTIMIZATION_LEVEL = "-Onone";
			};
			name = Debug;
		};
		CEAE81C620C96D3000188415 /* Release */ = {
			isa = XCBuildConfiguration;
			buildSettings = {
				ALWAYS_SEARCH_USER_PATHS = NO;
				CLANG_ANALYZER_NONNULL = YES;
				CLANG_ANALYZER_NUMBER_OBJECT_CONVERSION = YES_AGGRESSIVE;
				CLANG_CXX_LANGUAGE_STANDARD = "gnu++14";
				CLANG_CXX_LIBRARY = "libc++";
				CLANG_ENABLE_MODULES = YES;
				CLANG_ENABLE_OBJC_ARC = YES;
				CLANG_ENABLE_OBJC_WEAK = YES;
				CLANG_WARN_BLOCK_CAPTURE_AUTORELEASING = YES;
				CLANG_WARN_BOOL_CONVERSION = YES;
				CLANG_WARN_COMMA = YES;
				CLANG_WARN_CONSTANT_CONVERSION = YES;
				CLANG_WARN_DEPRECATED_OBJC_IMPLEMENTATIONS = YES;
				CLANG_WARN_DIRECT_OBJC_ISA_USAGE = YES_ERROR;
				CLANG_WARN_DOCUMENTATION_COMMENTS = YES;
				CLANG_WARN_EMPTY_BODY = YES;
				CLANG_WARN_ENUM_CONVERSION = YES;
				CLANG_WARN_INFINITE_RECURSION = YES;
				CLANG_WARN_INT_CONVERSION = YES;
				CLANG_WARN_NON_LITERAL_NULL_CONVERSION = YES;
				CLANG_WARN_OBJC_IMPLICIT_RETAIN_SELF = YES;
				CLANG_WARN_OBJC_LITERAL_CONVERSION = YES;
				CLANG_WARN_OBJC_ROOT_CLASS = YES_ERROR;
				CLANG_WARN_RANGE_LOOP_ANALYSIS = YES;
				CLANG_WARN_STRICT_PROTOTYPES = YES;
				CLANG_WARN_SUSPICIOUS_MOVE = YES;
				CLANG_WARN_UNGUARDED_AVAILABILITY = YES_AGGRESSIVE;
				CLANG_WARN_UNREACHABLE_CODE = YES;
				CLANG_WARN__DUPLICATE_METHOD_MATCH = YES;
				CODE_SIGN_IDENTITY = "iPhone Developer";
				COPY_PHASE_STRIP = NO;
				DEBUG_INFORMATION_FORMAT = "dwarf-with-dsym";
				ENABLE_NS_ASSERTIONS = NO;
				ENABLE_STRICT_OBJC_MSGSEND = YES;
				GCC_C_LANGUAGE_STANDARD = gnu11;
				GCC_NO_COMMON_BLOCKS = YES;
				GCC_WARN_64_TO_32_BIT_CONVERSION = YES;
				GCC_WARN_ABOUT_RETURN_TYPE = YES_ERROR;
				GCC_WARN_UNDECLARED_SELECTOR = YES;
				GCC_WARN_UNINITIALIZED_AUTOS = YES_AGGRESSIVE;
				GCC_WARN_UNUSED_FUNCTION = YES;
				GCC_WARN_UNUSED_VARIABLE = YES;
				IPHONEOS_DEPLOYMENT_TARGET = 11.4;
				MTL_ENABLE_DEBUG_INFO = NO;
				SDKROOT = iphoneos;
				SWIFT_COMPILATION_MODE = wholemodule;
				SWIFT_OPTIMIZATION_LEVEL = "-O";
				VALIDATE_PRODUCT = YES;
			};
			name = Release;
		};
		CEAE81C820C96D3000188415 /* Debug */ = {
			isa = XCBuildConfiguration;
			buildSettings = {
				ALWAYS_EMBED_SWIFT_STANDARD_LIBRARIES = NO;
				ASSETCATALOG_COMPILER_APPICON_NAME = AppIcon;
				CODE_SIGN_STYLE = Automatic;
				DEVELOPMENT_TEAM = F7HMZCVKND;
				INFOPLIST_FILE = FifteenPuzzle/Info.plist;
				IPHONEOS_DEPLOYMENT_TARGET = 12.0;
				LD_RUNPATH_SEARCH_PATHS = (
					"$(inherited)",
					"@executable_path/Frameworks",
				);
				PRODUCT_BUNDLE_IDENTIFIER = com.vladveretennikov.FifteenPuzzle;
				PRODUCT_NAME = "$(TARGET_NAME)";
				SWIFT_VERSION = 4.2;
				TARGETED_DEVICE_FAMILY = "1,2";
			};
			name = Debug;
		};
		CEAE81C920C96D3000188415 /* Release */ = {
			isa = XCBuildConfiguration;
			buildSettings = {
				ALWAYS_EMBED_SWIFT_STANDARD_LIBRARIES = NO;
				ASSETCATALOG_COMPILER_APPICON_NAME = AppIcon;
				CODE_SIGN_STYLE = Automatic;
				DEVELOPMENT_TEAM = F7HMZCVKND;
				INFOPLIST_FILE = FifteenPuzzle/Info.plist;
				IPHONEOS_DEPLOYMENT_TARGET = 12.0;
				LD_RUNPATH_SEARCH_PATHS = (
					"$(inherited)",
					"@executable_path/Frameworks",
				);
				PRODUCT_BUNDLE_IDENTIFIER = com.vladveretennikov.FifteenPuzzle;
				PRODUCT_NAME = "$(TARGET_NAME)";
				SWIFT_VERSION = 4.2;
				TARGETED_DEVICE_FAMILY = "1,2";
			};
			name = Release;
		};
/* End XCBuildConfiguration section */

/* Begin XCConfigurationList section */
		CEAE81AD20C96D2E00188415 /* Build configuration list for PBXProject "FifteenPuzzle" */ = {
			isa = XCConfigurationList;
			buildConfigurations = (
				CEAE81C520C96D3000188415 /* Debug */,
				CEAE81C620C96D3000188415 /* Release */,
			);
			defaultConfigurationIsVisible = 0;
			defaultConfigurationName = Release;
		};
		CEAE81C720C96D3000188415 /* Build configuration list for PBXNativeTarget "FifteenPuzzle" */ = {
			isa = XCConfigurationList;
			buildConfigurations = (
				CEAE81C820C96D3000188415 /* Debug */,
				CEAE81C920C96D3000188415 /* Release */,
			);
			defaultConfigurationIsVisible = 0;
			defaultConfigurationName = Release;
		};
/* End XCConfigurationList section */

/* Begin XCVersionGroup section */
		CEAE81BC20C96D2E00188415 /* FifteenPuzzle.xcdatamodeld */ = {
			isa = XCVersionGroup;
			children = (
				CEAE81BD20C96D2E00188415 /* FifteenPuzzle.xcdatamodel */,
			);
			currentVersion = CEAE81BD20C96D2E00188415 /* FifteenPuzzle.xcdatamodel */;
			path = FifteenPuzzle.xcdatamodeld;
			sourceTree = "<group>";
			versionGroupType = wrapper.xcdatamodel;
		};
/* End XCVersionGroup section */
	};
	rootObject = CEAE81AA20C96D2E00188415 /* Project object */;
}
